// !$*UTF8*$!
{
	archiveVersion = 1;
	classes = {
	};
	objectVersion = 46;
	objects = {

/* Begin PBXBuildFile section */
		9B409AA81A135FBD0047DCC8 /* AppDelegate.swift in Sources */ = {isa = PBXBuildFile; fileRef = 9B409AA71A135FBD0047DCC8 /* AppDelegate.swift */; };
		9B409AAA1A135FBD0047DCC8 /* ViewController.swift in Sources */ = {isa = PBXBuildFile; fileRef = 9B409AA91A135FBD0047DCC8 /* ViewController.swift */; };
		9B409AAD1A135FBD0047DCC8 /* Main.storyboard in Resources */ = {isa = PBXBuildFile; fileRef = 9B409AAB1A135FBD0047DCC8 /* Main.storyboard */; };
		9B409AAF1A135FBD0047DCC8 /* Images.xcassets in Resources */ = {isa = PBXBuildFile; fileRef = 9B409AAE1A135FBD0047DCC8 /* Images.xcassets */; };
		9B409AB21A135FBD0047DCC8 /* LaunchScreen.xib in Resources */ = {isa = PBXBuildFile; fileRef = 9B409AB01A135FBD0047DCC8 /* LaunchScreen.xib */; };
		9B409ABE1A135FBE0047DCC8 /* UpTests.swift in Sources */ = {isa = PBXBuildFile; fileRef = 9B409ABD1A135FBE0047DCC8 /* UpTests.swift */; };
		9B409AC91A13619C0047DCC8 /* QCMethod.swift in Sources */ = {isa = PBXBuildFile; fileRef = 9B409AC71A13619C0047DCC8 /* QCMethod.swift */; };
		9B409ACA1A13619C0047DCC8 /* UpView.swift in Sources */ = {isa = PBXBuildFile; fileRef = 9B409AC81A13619C0047DCC8 /* UpView.swift */; };
/* End PBXBuildFile section */

/* Begin PBXContainerItemProxy section */
		9B409AB81A135FBE0047DCC8 /* PBXContainerItemProxy */ = {
			isa = PBXContainerItemProxy;
			containerPortal = 9B409A9A1A135FBD0047DCC8 /* Project object */;
			proxyType = 1;
			remoteGlobalIDString = 9B409AA11A135FBD0047DCC8;
			remoteInfo = Up;
		};
/* End PBXContainerItemProxy section */

/* Begin PBXFileReference section */
		9B409AA21A135FBD0047DCC8 /* Up.app */ = {isa = PBXFileReference; explicitFileType = wrapper.application; includeInIndex = 0; path = Up.app; sourceTree = BUILT_PRODUCTS_DIR; };
		9B409AA61A135FBD0047DCC8 /* Info.plist */ = {isa = PBXFileReference; lastKnownFileType = text.plist.xml; path = Info.plist; sourceTree = "<group>"; };
		9B409AA71A135FBD0047DCC8 /* AppDelegate.swift */ = {isa = PBXFileReference; lastKnownFileType = sourcecode.swift; path = AppDelegate.swift; sourceTree = "<group>"; };
		9B409AA91A135FBD0047DCC8 /* ViewController.swift */ = {isa = PBXFileReference; lastKnownFileType = sourcecode.swift; path = ViewController.swift; sourceTree = "<group>"; };
		9B409AAC1A135FBD0047DCC8 /* Base */ = {isa = PBXFileReference; lastKnownFileType = file.storyboard; name = Base; path = Base.lproj/Main.storyboard; sourceTree = "<group>"; };
		9B409AAE1A135FBD0047DCC8 /* Images.xcassets */ = {isa = PBXFileReference; lastKnownFileType = folder.assetcatalog; path = Images.xcassets; sourceTree = "<group>"; };
		9B409AB11A135FBD0047DCC8 /* Base */ = {isa = PBXFileReference; lastKnownFileType = file.xib; name = Base; path = Base.lproj/LaunchScreen.xib; sourceTree = "<group>"; };
		9B409AB71A135FBE0047DCC8 /* UpTests.xctest */ = {isa = PBXFileReference; explicitFileType = wrapper.cfbundle; includeInIndex = 0; path = UpTests.xctest; sourceTree = BUILT_PRODUCTS_DIR; };
		9B409ABC1A135FBE0047DCC8 /* Info.plist */ = {isa = PBXFileReference; lastKnownFileType = text.plist.xml; path = Info.plist; sourceTree = "<group>"; };
		9B409ABD1A135FBE0047DCC8 /* UpTests.swift */ = {isa = PBXFileReference; lastKnownFileType = sourcecode.swift; path = UpTests.swift; sourceTree = "<group>"; };
		9B409AC71A13619C0047DCC8 /* QCMethod.swift */ = {isa = PBXFileReference; fileEncoding = 4; lastKnownFileType = sourcecode.swift; path = QCMethod.swift; sourceTree = "<group>"; };
		9B409AC81A13619C0047DCC8 /* UpView.swift */ = {isa = PBXFileReference; fileEncoding = 4; lastKnownFileType = sourcecode.swift; path = UpView.swift; sourceTree = "<group>"; };
/* End PBXFileReference section */

/* Begin PBXFrameworksBuildPhase section */
		9B409A9F1A135FBD0047DCC8 /* Frameworks */ = {
			isa = PBXFrameworksBuildPhase;
			buildActionMask = 2147483647;
			files = (
			);
			runOnlyForDeploymentPostprocessing = 0;
		};
		9B409AB41A135FBE0047DCC8 /* Frameworks */ = {
			isa = PBXFrameworksBuildPhase;
			buildActionMask = 2147483647;
			files = (
			);
			runOnlyForDeploymentPostprocessing = 0;
		};
/* End PBXFrameworksBuildPhase section */

/* Begin PBXGroup section */
		9B409A991A135FBD0047DCC8 = {
			isa = PBXGroup;
			children = (
				9B409AA41A135FBD0047DCC8 /* Up */,
				9B409ABA1A135FBE0047DCC8 /* UpTests */,
				9B409AA31A135FBD0047DCC8 /* Products */,
			);
			sourceTree = "<group>";
		};
		9B409AA31A135FBD0047DCC8 /* Products */ = {
			isa = PBXGroup;
			children = (
				9B409AA21A135FBD0047DCC8 /* Up.app */,
				9B409AB71A135FBE0047DCC8 /* UpTests.xctest */,
			);
			name = Products;
			sourceTree = "<group>";
		};
		9B409AA41A135FBD0047DCC8 /* Up */ = {
			isa = PBXGroup;
			children = (
				9B409AC71A13619C0047DCC8 /* QCMethod.swift */,
				9B409AC81A13619C0047DCC8 /* UpView.swift */,
				9B409AA71A135FBD0047DCC8 /* AppDelegate.swift */,
				9B409AA91A135FBD0047DCC8 /* ViewController.swift */,
				9B409AAB1A135FBD0047DCC8 /* Main.storyboard */,
				9B409AAE1A135FBD0047DCC8 /* Images.xcassets */,
				9B409AB01A135FBD0047DCC8 /* LaunchScreen.xib */,
				9B409AA51A135FBD0047DCC8 /* Supporting Files */,
			);
			path = Up;
			sourceTree = "<group>";
		};
		9B409AA51A135FBD0047DCC8 /* Supporting Files */ = {
			isa = PBXGroup;
			children = (
				9B409AA61A135FBD0047DCC8 /* Info.plist */,
			);
			name = "Supporting Files";
			sourceTree = "<group>";
		};
		9B409ABA1A135FBE0047DCC8 /* UpTests */ = {
			isa = PBXGroup;
			children = (
				9B409ABD1A135FBE0047DCC8 /* UpTests.swift */,
				9B409ABB1A135FBE0047DCC8 /* Supporting Files */,
			);
			path = UpTests;
			sourceTree = "<group>";
		};
		9B409ABB1A135FBE0047DCC8 /* Supporting Files */ = {
			isa = PBXGroup;
			children = (
				9B409ABC1A135FBE0047DCC8 /* Info.plist */,
			);
			name = "Supporting Files";
			sourceTree = "<group>";
		};
/* End PBXGroup section */

/* Begin PBXNativeTarget section */
		9B409AA11A135FBD0047DCC8 /* Up */ = {
			isa = PBXNativeTarget;
			buildConfigurationList = 9B409AC11A135FBE0047DCC8 /* Build configuration list for PBXNativeTarget "Up" */;
			buildPhases = (
				9B409A9E1A135FBD0047DCC8 /* Sources */,
				9B409A9F1A135FBD0047DCC8 /* Frameworks */,
				9B409AA01A135FBD0047DCC8 /* Resources */,
			);
			buildRules = (
			);
			dependencies = (
			);
			name = Up;
			productName = Up;
			productReference = 9B409AA21A135FBD0047DCC8 /* Up.app */;
			productType = "com.apple.product-type.application";
		};
		9B409AB61A135FBE0047DCC8 /* UpTests */ = {
			isa = PBXNativeTarget;
			buildConfigurationList = 9B409AC41A135FBE0047DCC8 /* Build configuration list for PBXNativeTarget "UpTests" */;
			buildPhases = (
				9B409AB31A135FBE0047DCC8 /* Sources */,
				9B409AB41A135FBE0047DCC8 /* Frameworks */,
				9B409AB51A135FBE0047DCC8 /* Resources */,
			);
			buildRules = (
			);
			dependencies = (
				9B409AB91A135FBE0047DCC8 /* PBXTargetDependency */,
			);
			name = UpTests;
			productName = UpTests;
			productReference = 9B409AB71A135FBE0047DCC8 /* UpTests.xctest */;
			productType = "com.apple.product-type.bundle.unit-test";
		};
/* End PBXNativeTarget section */

/* Begin PBXProject section */
		9B409A9A1A135FBD0047DCC8 /* Project object */ = {
			isa = PBXProject;
			attributes = {
				LastUpgradeCheck = 0610;
				ORGANIZATIONNAME = Loc4or;
				TargetAttributes = {
					9B409AA11A135FBD0047DCC8 = {
						CreatedOnToolsVersion = 6.1;
					};
					9B409AB61A135FBE0047DCC8 = {
						CreatedOnToolsVersion = 6.1;
						TestTargetID = 9B409AA11A135FBD0047DCC8;
					};
				};
			};
			buildConfigurationList = 9B409A9D1A135FBD0047DCC8 /* Build configuration list for PBXProject "Up" */;
			compatibilityVersion = "Xcode 3.2";
			developmentRegion = English;
			hasScannedForEncodings = 0;
			knownRegions = (
				en,
				Base,
			);
			mainGroup = 9B409A991A135FBD0047DCC8;
			productRefGroup = 9B409AA31A135FBD0047DCC8 /* Products */;
			projectDirPath = "";
			projectRoot = "";
			targets = (
				9B409AA11A135FBD0047DCC8 /* Up */,
				9B409AB61A135FBE0047DCC8 /* UpTests */,
			);
		};
/* End PBXProject section */

/* Begin PBXResourcesBuildPhase section */
		9B409AA01A135FBD0047DCC8 /* Resources */ = {
			isa = PBXResourcesBuildPhase;
			buildActionMask = 2147483647;
			files = (
				9B409AAD1A135FBD0047DCC8 /* Main.storyboard in Resources */,
				9B409AB21A135FBD0047DCC8 /* LaunchScreen.xib in Resources */,
				9B409AAF1A135FBD0047DCC8 /* Images.xcassets in Resources */,
			);
			runOnlyForDeploymentPostprocessing = 0;
		};
		9B409AB51A135FBE0047DCC8 /* Resources */ = {
			isa = PBXResourcesBuildPhase;
			buildActionMask = 2147483647;
			files = (
			);
			runOnlyForDeploymentPostprocessing = 0;
		};
/* End PBXResourcesBuildPhase section */

/* Begin PBXSourcesBuildPhase section */
		9B409A9E1A135FBD0047DCC8 /* Sources */ = {
			isa = PBXSourcesBuildPhase;
			buildActionMask = 2147483647;
			files = (
				9B409AAA1A135FBD0047DCC8 /* ViewController.swift in Sources */,
				9B409AA81A135FBD0047DCC8 /* AppDelegate.swift in Sources */,
				9B409AC91A13619C0047DCC8 /* QCMethod.swift in Sources */,
				9B409ACA1A13619C0047DCC8 /* UpView.swift in Sources */,
			);
			runOnlyForDeploymentPostprocessing = 0;
		};
		9B409AB31A135FBE0047DCC8 /* Sources */ = {
			isa = PBXSourcesBuildPhase;
			buildActionMask = 2147483647;
			files = (
				9B409ABE1A135FBE0047DCC8 /* UpTests.swift in Sources */,
			);
			runOnlyForDeploymentPostprocessing = 0;
		};
/* End PBXSourcesBuildPhase section */

/* Begin PBXTargetDependency section */
		9B409AB91A135FBE0047DCC8 /* PBXTargetDependency */ = {
			isa = PBXTargetDependency;
			target = 9B409AA11A135FBD0047DCC8 /* Up */;
			targetProxy = 9B409AB81A135FBE0047DCC8 /* PBXContainerItemProxy */;
		};
/* End PBXTargetDependency section */

/* Begin PBXVariantGroup section */
		9B409AAB1A135FBD0047DCC8 /* Main.storyboard */ = {
			isa = PBXVariantGroup;
			children = (
				9B409AAC1A135FBD0047DCC8 /* Base */,
			);
			name = Main.storyboard;
			sourceTree = "<group>";
		};
		9B409AB01A135FBD0047DCC8 /* LaunchScreen.xib */ = {
			isa = PBXVariantGroup;
			children = (
				9B409AB11A135FBD0047DCC8 /* Base */,
			);
			name = LaunchScreen.xib;
			sourceTree = "<group>";
		};
/* End PBXVariantGroup section */

/* Begin XCBuildConfiguration section */
		9B409ABF1A135FBE0047DCC8 /* Debug */ = {
			isa = XCBuildConfiguration;
			buildSettings = {
				ALWAYS_SEARCH_USER_PATHS = NO;
				CLANG_CXX_LANGUAGE_STANDARD = "gnu++0x";
				CLANG_CXX_LIBRARY = "libc++";
				CLANG_ENABLE_MODULES = YES;
				CLANG_ENABLE_OBJC_ARC = YES;
				CLANG_WARN_BOOL_CONVERSION = YES;
				CLANG_WARN_CONSTANT_CONVERSION = YES;
				CLANG_WARN_DIRECT_OBJC_ISA_USAGE = YES_ERROR;
				CLANG_WARN_EMPTY_BODY = YES;
				CLANG_WARN_ENUM_CONVERSION = YES;
				CLANG_WARN_INT_CONVERSION = YES;
				CLANG_WARN_OBJC_ROOT_CLASS = YES_ERROR;
				CLANG_WARN_UNREACHABLE_CODE = YES;
				CLANG_WARN__DUPLICATE_METHOD_MATCH = YES;
				"CODE_SIGN_IDENTITY[sdk=iphoneos*]" = "iPhone Developer";
				COPY_PHASE_STRIP = NO;
				ENABLE_STRICT_OBJC_MSGSEND = YES;
				GCC_C_LANGUAGE_STANDARD = gnu99;
				GCC_DYNAMIC_NO_PIC = NO;
				GCC_OPTIMIZATION_LEVEL = 0;
				GCC_PREPROCESSOR_DEFINITIONS = (
					"DEBUG=1",
					"$(inherited)",
				);
				GCC_SYMBOLS_PRIVATE_EXTERN = NO;
				GCC_WARN_64_TO_32_BIT_CONVERSION = YES;
				GCC_WARN_ABOUT_RETURN_TYPE = YES_ERROR;
				GCC_WARN_UNDECLARED_SELECTOR = YES;
				GCC_WARN_UNINITIALIZED_AUTOS = YES_AGGRESSIVE;
				GCC_WARN_UNUSED_FUNCTION = YES;
				GCC_WARN_UNUSED_VARIABLE = YES;
				IPHONEOS_DEPLOYMENT_TARGET = 8.1;
				MTL_ENABLE_DEBUG_INFO = YES;
				ONLY_ACTIVE_ARCH = YES;
				SDKROOT = iphoneos;
				SWIFT_OPTIMIZATION_LEVEL = "-Onone";
				TARGETED_DEVICE_FAMILY = "1,2";
			};
			name = Debug;
		};
		9B409AC01A135FBE0047DCC8 /* Release */ = {
			isa = XCBuildConfiguration;
			buildSettings = {
				ALWAYS_SEARCH_USER_PATHS = NO;
				CLANG_CXX_LANGUAGE_STANDARD = "gnu++0x";
				CLANG_CXX_LIBRARY = "libc++";
				CLANG_ENABLE_MODULES = YES;
				CLANG_ENABLE_OBJC_ARC = YES;
				CLANG_WARN_BOOL_CONVERSION = YES;
				CLANG_WARN_CONSTANT_CONVERSION = YES;
				CLANG_WARN_DIRECT_OBJC_ISA_USAGE = YES_ERROR;
				CLANG_WARN_EMPTY_BODY = YES;
				CLANG_WARN_ENUM_CONVERSION = YES;
				CLANG_WARN_INT_CONVERSION = YES;
				CLANG_WARN_OBJC_ROOT_CLASS = YES_ERROR;
				CLANG_WARN_UNREACHABLE_CODE = YES;
				CLANG_WARN__DUPLICATE_METHOD_MATCH = YES;
				"CODE_SIGN_IDENTITY[sdk=iphoneos*]" = "iPhone Developer";
				COPY_PHASE_STRIP = YES;
				ENABLE_NS_ASSERTIONS = NO;
				ENABLE_STRICT_OBJC_MSGSEND = YES;
				GCC_C_LANGUAGE_STANDARD = gnu99;
				GCC_WARN_64_TO_32_BIT_CONVERSION = YES;
				GCC_WARN_ABOUT_RETURN_TYPE = YES_ERROR;
				GCC_WARN_UNDECLARED_SELECTOR = YES;
				GCC_WARN_UNINITIALIZED_AUTOS = YES_AGGRESSIVE;
				GCC_WARN_UNUSED_FUNCTION = YES;
				GCC_WARN_UNUSED_VARIABLE = YES;
				IPHONEOS_DEPLOYMENT_TARGET = 8.1;
				MTL_ENABLE_DEBUG_INFO = NO;
				SDKROOT = iphoneos;
				TARGETED_DEVICE_FAMILY = "1,2";
				VALIDATE_PRODUCT = YES;
			};
			name = Release;
		};
		9B409AC21A135FBE0047DCC8 /* Debug */ = {
			isa = XCBuildConfiguration;
			buildSettings = {
				ASSETCATALOG_COMPILER_APPICON_NAME = AppIcon;
				INFOPLIST_FILE = Up/Info.plist;
				LD_RUNPATH_SEARCH_PATHS = "$(inherited) @executable_path/Frameworks";
				PRODUCT_NAME = "$(TARGET_NAME)";
			};
			name = Debug;
		};
		9B409AC31A135FBE0047DCC8 /* Release */ = {
			isa = XCBuildConfiguration;
			buildSettings = {
				ASSETCATALOG_COMPILER_APPICON_NAME = AppIcon;
				INFOPLIST_FILE = Up/Info.plist;
				LD_RUNPATH_SEARCH_PATHS = "$(inherited) @executable_path/Frameworks";
				PRODUCT_NAME = "$(TARGET_NAME)";
			};
			name = Release;
		};
		9B409AC51A135FBE0047DCC8 /* Debug */ = {
			isa = XCBuildConfiguration;
			buildSettings = {
				BUNDLE_LOADER = "$(TEST_HOST)";
				FRAMEWORK_SEARCH_PATHS = (
					"$(SDKROOT)/Developer/Library/Frameworks",
					"$(inherited)",
				);
				GCC_PREPROCESSOR_DEFINITIONS = (
					"DEBUG=1",
					"$(inherited)",
				);
				INFOPLIST_FILE = UpTests/Info.plist;
				LD_RUNPATH_SEARCH_PATHS = "$(inherited) @executable_path/Frameworks @loader_path/Frameworks";
				PRODUCT_NAME = "$(TARGET_NAME)";
				TEST_HOST = "$(BUILT_PRODUCTS_DIR)/Up.app/Up";
			};
			name = Debug;
		};
		9B409AC61A135FBE0047DCC8 /* Release */ = {
			isa = XCBuildConfiguration;
			buildSettings = {
				BUNDLE_LOADER = "$(TEST_HOST)";
				FRAMEWORK_SEARCH_PATHS = (
					"$(SDKROOT)/Developer/Library/Frameworks",
					"$(inherited)",
				);
				INFOPLIST_FILE = UpTests/Info.plist;
				LD_RUNPATH_SEARCH_PATHS = "$(inherited) @executable_path/Frameworks @loader_path/Frameworks";
				PRODUCT_NAME = "$(TARGET_NAME)";
				TEST_HOST = "$(BUILT_PRODUCTS_DIR)/Up.app/Up";
			};
			name = Release;
		};
/* End XCBuildConfiguration section */

/* Begin XCConfigurationList section */
		9B409A9D1A135FBD0047DCC8 /* Build configuration list for PBXProject "Up" */ = {
			isa = XCConfigurationList;
			buildConfigurations = (
				9B409ABF1A135FBE0047DCC8 /* Debug */,
				9B409AC01A135FBE0047DCC8 /* Release */,
			);
			defaultConfigurationIsVisible = 0;
			defaultConfigurationName = Release;
		};
		9B409AC11A135FBE0047DCC8 /* Build configuration list for PBXNativeTarget "Up" */ = {
			isa = XCConfigurationList;
			buildConfigurations = (
				9B409AC21A135FBE0047DCC8 /* Debug */,
				9B409AC31A135FBE0047DCC8 /* Release */,
			);
			defaultConfigurationIsVisible = 0;
		};
		9B409AC41A135FBE0047DCC8 /* Build configuration list for PBXNativeTarget "UpTests" */ = {
			isa = XCConfigurationList;
			buildConfigurations = (
				9B409AC51A135FBE0047DCC8 /* Debug */,
				9B409AC61A135FBE0047DCC8 /* Release */,
			);
			defaultConfigurationIsVisible = 0;
		};
/* End XCConfigurationList section */
	};
	rootObject = 9B409A9A1A135FBD0047DCC8 /* Project object */;
}
